
Microsoft Visual Studio Solution File, Format Version 12.00
# Visual Studio Version 16
VisualStudioVersion = 16.0.29709.97
MinimumVisualStudioVersion = 10.0.40219.1
Project("{FAE04EC0-301F-11D3-BF4B-00C04F79EFBC}") = "Sulyok_Dániel_Házi_Vegleges_05_15", "Sulyok_Dániel_Házi_Vegleges_05_15\Sulyok_Dániel_Házi_Vegleges_05_15.csproj", "{09615AC5-F1A4-46A1-AEE8-E2801A3B9B8B}"
EndProject
Global
	GlobalSection(SolutionConfigurationPlatforms) = preSolution
		Debug|Any CPU = Debug|Any CPU
		Release|Any CPU = Release|Any CPU
	EndGlobalSection
	GlobalSection(ProjectConfigurationPlatforms) = postSolution
		{09615AC5-F1A4-46A1-AEE8-E2801A3B9B8B}.Debug|Any CPU.ActiveCfg = Debug|Any CPU
		{09615AC5-F1A4-46A1-AEE8-E2801A3B9B8B}.Debug|Any CPU.Build.0 = Debug|Any CPU
		{09615AC5-F1A4-46A1-AEE8-E2801A3B9B8B}.Release|Any CPU.ActiveCfg = Release|Any CPU
		{09615AC5-F1A4-46A1-AEE8-E2801A3B9B8B}.Release|Any CPU.Build.0 = Release|Any CPU
	EndGlobalSection
	GlobalSection(SolutionProperties) = preSolution
		HideSolutionNode = FALSE
	EndGlobalSection
	GlobalSection(ExtensibilityGlobals) = postSolution
		SolutionGuid = {D54B5DCF-A947-4C35-904E-E4E5FD39D594}
	EndGlobalSection
EndGlobal
