
Microsoft Visual Studio Solution File, Format Version 12.00
# Visual Studio 15
VisualStudioVersion = 15.0.28307.421
MinimumVisualStudioVersion = 10.0.40219.1
Project("{FAE04EC0-301F-11D3-BF4B-00C04F79EFBC}") = "Blackjack project 2020", "Blackjack project 2020\Blackjack project 2020.csproj", "{DDBA5160-07A5-463B-BA7A-0FAF4386691E}"
EndProject
Global
	GlobalSection(SolutionConfigurationPlatforms) = preSolution
		Debug|Any CPU = Debug|Any CPU
		Release|Any CPU = Release|Any CPU
	EndGlobalSection
	GlobalSection(ProjectConfigurationPlatforms) = postSolution
		{DDBA5160-07A5-463B-BA7A-0FAF4386691E}.Debug|Any CPU.ActiveCfg = Debug|Any CPU
		{DDBA5160-07A5-463B-BA7A-0FAF4386691E}.Debug|Any CPU.Build.0 = Debug|Any CPU
		{DDBA5160-07A5-463B-BA7A-0FAF4386691E}.Release|Any CPU.ActiveCfg = Release|Any CPU
		{DDBA5160-07A5-463B-BA7A-0FAF4386691E}.Release|Any CPU.Build.0 = Release|Any CPU
	EndGlobalSection
	GlobalSection(SolutionProperties) = preSolution
		HideSolutionNode = FALSE
	EndGlobalSection
	GlobalSection(ExtensibilityGlobals) = postSolution
		SolutionGuid = {2AEBE139-1E32-463C-9E5F-1223E0490DD5}
	EndGlobalSection
EndGlobal
